
Microsoft Visual Studio Solution File, Format Version 12.00
# Visual Studio Version 17
VisualStudioVersion = 17.5.002.0
MinimumVisualStudioVersion = 10.0.40219.1
Project("{9A19103F-16F7-4668-BE54-9A1E7A4F7556}") = "Seminar3", "Seminar3.csproj", "{13F595EB-3E8D-4B49-A39B-1C9C4F75048D}"
EndProject
Global
	GlobalSection(SolutionConfigurationPlatforms) = preSolution
		Debug|Any CPU = Debug|Any CPU
		Release|Any CPU = Release|Any CPU
	EndGlobalSection
	GlobalSection(ProjectConfigurationPlatforms) = postSolution
		{13F595EB-3E8D-4B49-A39B-1C9C4F75048D}.Debug|Any CPU.ActiveCfg = Debug|Any CPU
		{13F595EB-3E8D-4B49-A39B-1C9C4F75048D}.Debug|Any CPU.Build.0 = Debug|Any CPU
		{13F595EB-3E8D-4B49-A39B-1C9C4F75048D}.Release|Any CPU.ActiveCfg = Release|Any CPU
		{13F595EB-3E8D-4B49-A39B-1C9C4F75048D}.Release|Any CPU.Build.0 = Release|Any CPU
	EndGlobalSection
	GlobalSection(SolutionProperties) = preSolution
		HideSolutionNode = FALSE
	EndGlobalSection
	GlobalSection(ExtensibilityGlobals) = postSolution
		SolutionGuid = {F62D3628-4B42-448F-9406-3710ACF4BF02}
	EndGlobalSection
EndGlobal
