
Microsoft Visual Studio Solution File, Format Version 12.00
# Visual Studio Version 17
VisualStudioVersion = 17.5.002.0
MinimumVisualStudioVersion = 10.0.40219.1
Project("{9A19103F-16F7-4668-BE54-9A1E7A4F7556}") = "Task1", "Task1.csproj", "{B0F332D3-17B9-4B0F-806E-50C9B2ED7DA0}"
EndProject
Global
	GlobalSection(SolutionConfigurationPlatforms) = preSolution
		Debug|Any CPU = Debug|Any CPU
		Release|Any CPU = Release|Any CPU
	EndGlobalSection
	GlobalSection(ProjectConfigurationPlatforms) = postSolution
		{B0F332D3-17B9-4B0F-806E-50C9B2ED7DA0}.Debug|Any CPU.ActiveCfg = Debug|Any CPU
		{B0F332D3-17B9-4B0F-806E-50C9B2ED7DA0}.Debug|Any CPU.Build.0 = Debug|Any CPU
		{B0F332D3-17B9-4B0F-806E-50C9B2ED7DA0}.Release|Any CPU.ActiveCfg = Release|Any CPU
		{B0F332D3-17B9-4B0F-806E-50C9B2ED7DA0}.Release|Any CPU.Build.0 = Release|Any CPU
	EndGlobalSection
	GlobalSection(SolutionProperties) = preSolution
		HideSolutionNode = FALSE
	EndGlobalSection
	GlobalSection(ExtensibilityGlobals) = postSolution
		SolutionGuid = {F552B9D3-A8C7-4EE6-B3C6-B2E5FBBE2AC3}
	EndGlobalSection
EndGlobal
