
Microsoft Visual Studio Solution File, Format Version 12.00
# Visual Studio Version 17
VisualStudioVersion = 17.5.002.0
MinimumVisualStudioVersion = 10.0.40219.1
Project("{9A19103F-16F7-4668-BE54-9A1E7A4F7556}") = "Task2", "Task2.csproj", "{9C6E19EE-0C05-443C-AF6C-274D60964335}"
EndProject
Global
	GlobalSection(SolutionConfigurationPlatforms) = preSolution
		Debug|Any CPU = Debug|Any CPU
		Release|Any CPU = Release|Any CPU
	EndGlobalSection
	GlobalSection(ProjectConfigurationPlatforms) = postSolution
		{9C6E19EE-0C05-443C-AF6C-274D60964335}.Debug|Any CPU.ActiveCfg = Debug|Any CPU
		{9C6E19EE-0C05-443C-AF6C-274D60964335}.Debug|Any CPU.Build.0 = Debug|Any CPU
		{9C6E19EE-0C05-443C-AF6C-274D60964335}.Release|Any CPU.ActiveCfg = Release|Any CPU
		{9C6E19EE-0C05-443C-AF6C-274D60964335}.Release|Any CPU.Build.0 = Release|Any CPU
	EndGlobalSection
	GlobalSection(SolutionProperties) = preSolution
		HideSolutionNode = FALSE
	EndGlobalSection
	GlobalSection(ExtensibilityGlobals) = postSolution
		SolutionGuid = {1AEAD975-E5A6-4F88-BA12-F62F9FA9171B}
	EndGlobalSection
EndGlobal
